
Microsoft Visual Studio Solution File, Format Version 12.00
# Visual Studio 15
VisualStudioVersion = 15.0.28307.1082
MinimumVisualStudioVersion = 10.0.40219.1
Project("{FAE04EC0-301F-11D3-BF4B-00C04F79EFBC}") = "Examen2_Elizondo_Lucia", "Examen2_Elizondo_Lucia\Examen2_Elizondo_Lucia.csproj", "{9BBB3057-8B49-4BDE-BF75-555F5FBC7818}"
EndProject
Project("{FAE04EC0-301F-11D3-BF4B-00C04F79EFBC}") = "Examen2_Elizondo_Lucia.Tests", "Examen2_Elizondo_Lucia.Tests\Examen2_Elizondo_Lucia.Tests.csproj", "{30D8D0CD-5FDB-4F5F-ABF7-6A706752F728}"
EndProject
Global
	GlobalSection(SolutionConfigurationPlatforms) = preSolution
		Debug|Any CPU = Debug|Any CPU
		Release|Any CPU = Release|Any CPU
	EndGlobalSection
	GlobalSection(ProjectConfigurationPlatforms) = postSolution
		{9BBB3057-8B49-4BDE-BF75-555F5FBC7818}.Debug|Any CPU.ActiveCfg = Debug|Any CPU
		{9BBB3057-8B49-4BDE-BF75-555F5FBC7818}.Debug|Any CPU.Build.0 = Debug|Any CPU
		{9BBB3057-8B49-4BDE-BF75-555F5FBC7818}.Release|Any CPU.ActiveCfg = Release|Any CPU
		{9BBB3057-8B49-4BDE-BF75-555F5FBC7818}.Release|Any CPU.Build.0 = Release|Any CPU
		{30D8D0CD-5FDB-4F5F-ABF7-6A706752F728}.Debug|Any CPU.ActiveCfg = Debug|Any CPU
		{30D8D0CD-5FDB-4F5F-ABF7-6A706752F728}.Debug|Any CPU.Build.0 = Debug|Any CPU
		{30D8D0CD-5FDB-4F5F-ABF7-6A706752F728}.Release|Any CPU.ActiveCfg = Release|Any CPU
		{30D8D0CD-5FDB-4F5F-ABF7-6A706752F728}.Release|Any CPU.Build.0 = Release|Any CPU
	EndGlobalSection
	GlobalSection(SolutionProperties) = preSolution
		HideSolutionNode = FALSE
	EndGlobalSection
	GlobalSection(ExtensibilityGlobals) = postSolution
		SolutionGuid = {D0AC4AE7-E282-4501-B151-9CB620BF4A24}
	EndGlobalSection
EndGlobal
